
Microsoft Visual Studio Solution File, Format Version 12.00
# Visual Studio 15
VisualStudioVersion = 15.0.28307.271
MinimumVisualStudioVersion = 10.0.40219.1
Project("{9A19103F-16F7-4668-BE54-9A1E7A4F7556}") = "testStupidXmlParsing", "testStupidXmlParsing.csproj", "{F074E681-AA17-4A52-B3C1-7753DEF82071}"
EndProject
Global
	GlobalSection(SolutionConfigurationPlatforms) = preSolution
		Debug|Any CPU = Debug|Any CPU
		Release|Any CPU = Release|Any CPU
	EndGlobalSection
	GlobalSection(ProjectConfigurationPlatforms) = postSolution
		{F074E681-AA17-4A52-B3C1-7753DEF82071}.Debug|Any CPU.ActiveCfg = Debug|Any CPU
		{F074E681-AA17-4A52-B3C1-7753DEF82071}.Debug|Any CPU.Build.0 = Debug|Any CPU
		{F074E681-AA17-4A52-B3C1-7753DEF82071}.Release|Any CPU.ActiveCfg = Release|Any CPU
		{F074E681-AA17-4A52-B3C1-7753DEF82071}.Release|Any CPU.Build.0 = Release|Any CPU
	EndGlobalSection
	GlobalSection(SolutionProperties) = preSolution
		HideSolutionNode = FALSE
	EndGlobalSection
	GlobalSection(ExtensibilityGlobals) = postSolution
		SolutionGuid = {F5DF291E-0AA4-47F4-BEE2-38B8B2824773}
	EndGlobalSection
EndGlobal
